
Microsoft Visual Studio Solution File, Format Version 12.00
# Visual Studio 15
VisualStudioVersion = 15.0.28010.2046
MinimumVisualStudioVersion = 10.0.40219.1
Project("{FAE04EC0-301F-11D3-BF4B-00C04F79EFBC}") = "HashProvider", "HashProvider\HashProvider.csproj", "{C109B306-BE78-4888-97F8-2F591583BA27}"
EndProject
Project("{FAE04EC0-301F-11D3-BF4B-00C04F79EFBC}") = "UnitTests", "UnitTests\UnitTests.csproj", "{12D54300-72E8-4661-A744-743A0DE6CFCC}"
EndProject
Global
	GlobalSection(SolutionConfigurationPlatforms) = preSolution
		Debug|Any CPU = Debug|Any CPU
		Release|Any CPU = Release|Any CPU
	EndGlobalSection
	GlobalSection(ProjectConfigurationPlatforms) = postSolution
		{C109B306-BE78-4888-97F8-2F591583BA27}.Debug|Any CPU.ActiveCfg = Debug|Any CPU
		{C109B306-BE78-4888-97F8-2F591583BA27}.Debug|Any CPU.Build.0 = Debug|Any CPU
		{C109B306-BE78-4888-97F8-2F591583BA27}.Release|Any CPU.ActiveCfg = Release|Any CPU
		{C109B306-BE78-4888-97F8-2F591583BA27}.Release|Any CPU.Build.0 = Release|Any CPU
		{12D54300-72E8-4661-A744-743A0DE6CFCC}.Debug|Any CPU.ActiveCfg = Debug|Any CPU
		{12D54300-72E8-4661-A744-743A0DE6CFCC}.Debug|Any CPU.Build.0 = Debug|Any CPU
		{12D54300-72E8-4661-A744-743A0DE6CFCC}.Release|Any CPU.ActiveCfg = Release|Any CPU
		{12D54300-72E8-4661-A744-743A0DE6CFCC}.Release|Any CPU.Build.0 = Release|Any CPU
	EndGlobalSection
	GlobalSection(SolutionProperties) = preSolution
		HideSolutionNode = FALSE
	EndGlobalSection
	GlobalSection(ExtensibilityGlobals) = postSolution
		SolutionGuid = {C207B063-AF9C-49D5-9ADC-3C7B1472A028}
	EndGlobalSection
EndGlobal
